// !$*UTF8*$!
{
	archiveVersion = 1;
	classes = {
	};
	objectVersion = 50;
	objects = {

/* Begin PBXBuildFile section */
		3391CC6E24044D8000AE8DE2 /* AppDelegate.swift in Sources */ = {isa = PBXBuildFile; fileRef = 3391CC6D24044D8000AE8DE2 /* AppDelegate.swift */; };
		3391CC7024044D8000AE8DE2 /* SceneDelegate.swift in Sources */ = {isa = PBXBuildFile; fileRef = 3391CC6F24044D8000AE8DE2 /* SceneDelegate.swift */; };
		3391CC7224044D8000AE8DE2 /* ViewController.swift in Sources */ = {isa = PBXBuildFile; fileRef = 3391CC7124044D8000AE8DE2 /* ViewController.swift */; };
		3391CC7524044D8000AE8DE2 /* Main.storyboard in Resources */ = {isa = PBXBuildFile; fileRef = 3391CC7324044D8000AE8DE2 /* Main.storyboard */; };
		3391CC7724044D8100AE8DE2 /* Assets.xcassets in Resources */ = {isa = PBXBuildFile; fileRef = 3391CC7624044D8100AE8DE2 /* Assets.xcassets */; };
		3391CC7A24044D8100AE8DE2 /* LaunchScreen.storyboard in Resources */ = {isa = PBXBuildFile; fileRef = 3391CC7824044D8100AE8DE2 /* LaunchScreen.storyboard */; };
		3391CC8524044D8100AE8DE2 /* ParstagramTests.swift in Sources */ = {isa = PBXBuildFile; fileRef = 3391CC8424044D8100AE8DE2 /* ParstagramTests.swift */; };
		3391CC9024044D8100AE8DE2 /* ParstagramUITests.swift in Sources */ = {isa = PBXBuildFile; fileRef = 3391CC8F24044D8100AE8DE2 /* ParstagramUITests.swift */; };
/* End PBXBuildFile section */

/* Begin PBXContainerItemProxy section */
		3391CC8124044D8100AE8DE2 /* PBXContainerItemProxy */ = {
			isa = PBXContainerItemProxy;
			containerPortal = 3391CC6224044D8000AE8DE2 /* Project object */;
			proxyType = 1;
			remoteGlobalIDString = 3391CC6924044D8000AE8DE2;
			remoteInfo = Parstagram;
		};
		3391CC8C24044D8100AE8DE2 /* PBXContainerItemProxy */ = {
			isa = PBXContainerItemProxy;
			containerPortal = 3391CC6224044D8000AE8DE2 /* Project object */;
			proxyType = 1;
			remoteGlobalIDString = 3391CC6924044D8000AE8DE2;
			remoteInfo = Parstagram;
		};
/* End PBXContainerItemProxy section */

/* Begin PBXFileReference section */
		3391CC6A24044D8000AE8DE2 /* Parstagram.app */ = {isa = PBXFileReference; explicitFileType = wrapper.application; includeInIndex = 0; path = Parstagram.app; sourceTree = BUILT_PRODUCTS_DIR; };
		3391CC6D24044D8000AE8DE2 /* AppDelegate.swift */ = {isa = PBXFileReference; lastKnownFileType = sourcecode.swift; path = AppDelegate.swift; sourceTree = "<group>"; };
		3391CC6F24044D8000AE8DE2 /* SceneDelegate.swift */ = {isa = PBXFileReference; lastKnownFileType = sourcecode.swift; path = SceneDelegate.swift; sourceTree = "<group>"; };
		3391CC7124044D8000AE8DE2 /* ViewController.swift */ = {isa = PBXFileReference; lastKnownFileType = sourcecode.swift; path = ViewController.swift; sourceTree = "<group>"; };
		3391CC7424044D8000AE8DE2 /* Base */ = {isa = PBXFileReference; lastKnownFileType = file.storyboard; name = Base; path = Base.lproj/Main.storyboard; sourceTree = "<group>"; };
		3391CC7624044D8100AE8DE2 /* Assets.xcassets */ = {isa = PBXFileReference; lastKnownFileType = folder.assetcatalog; path = Assets.xcassets; sourceTree = "<group>"; };
		3391CC7924044D8100AE8DE2 /* Base */ = {isa = PBXFileReference; lastKnownFileType = file.storyboard; name = Base; path = Base.lproj/LaunchScreen.storyboard; sourceTree = "<group>"; };
		3391CC7B24044D8100AE8DE2 /* Info.plist */ = {isa = PBXFileReference; lastKnownFileType = text.plist.xml; path = Info.plist; sourceTree = "<group>"; };
		3391CC8024044D8100AE8DE2 /* ParstagramTests.xctest */ = {isa = PBXFileReference; explicitFileType = wrapper.cfbundle; includeInIndex = 0; path = ParstagramTests.xctest; sourceTree = BUILT_PRODUCTS_DIR; };
		3391CC8424044D8100AE8DE2 /* ParstagramTests.swift */ = {isa = PBXFileReference; lastKnownFileType = sourcecode.swift; path = ParstagramTests.swift; sourceTree = "<group>"; };
		3391CC8624044D8100AE8DE2 /* Info.plist */ = {isa = PBXFileReference; lastKnownFileType = text.plist.xml; path = Info.plist; sourceTree = "<group>"; };
		3391CC8B24044D8100AE8DE2 /* ParstagramUITests.xctest */ = {isa = PBXFileReference; explicitFileType = wrapper.cfbundle; includeInIndex = 0; path = ParstagramUITests.xctest; sourceTree = BUILT_PRODUCTS_DIR; };
		3391CC8F24044D8100AE8DE2 /* ParstagramUITests.swift */ = {isa = PBXFileReference; lastKnownFileType = sourcecode.swift; path = ParstagramUITests.swift; sourceTree = "<group>"; };
		3391CC9124044D8100AE8DE2 /* Info.plist */ = {isa = PBXFileReference; lastKnownFileType = text.plist.xml; path = Info.plist; sourceTree = "<group>"; };
/* End PBXFileReference section */

/* Begin PBXFrameworksBuildPhase section */
		3391CC6724044D8000AE8DE2 /* Frameworks */ = {
			isa = PBXFrameworksBuildPhase;
			buildActionMask = 2147483647;
			files = (
			);
			runOnlyForDeploymentPostprocessing = 0;
		};
		3391CC7D24044D8100AE8DE2 /* Frameworks */ = {
			isa = PBXFrameworksBuildPhase;
			buildActionMask = 2147483647;
			files = (
			);
			runOnlyForDeploymentPostprocessing = 0;
		};
		3391CC8824044D8100AE8DE2 /* Frameworks */ = {
			isa = PBXFrameworksBuildPhase;
			buildActionMask = 2147483647;
			files = (
			);
			runOnlyForDeploymentPostprocessing = 0;
		};
/* End PBXFrameworksBuildPhase section */

/* Begin PBXGroup section */
		3391CC6124044D8000AE8DE2 = {
			isa = PBXGroup;
			children = (
				3391CC6C24044D8000AE8DE2 /* Parstagram */,
				3391CC8324044D8100AE8DE2 /* ParstagramTests */,
				3391CC8E24044D8100AE8DE2 /* ParstagramUITests */,
				3391CC6B24044D8000AE8DE2 /* Products */,
			);
			sourceTree = "<group>";
		};
		3391CC6B24044D8000AE8DE2 /* Products */ = {
			isa = PBXGroup;
			children = (
				3391CC6A24044D8000AE8DE2 /* Parstagram.app */,
				3391CC8024044D8100AE8DE2 /* ParstagramTests.xctest */,
				3391CC8B24044D8100AE8DE2 /* ParstagramUITests.xctest */,
			);
			name = Products;
			sourceTree = "<group>";
		};
		3391CC6C24044D8000AE8DE2 /* Parstagram */ = {
			isa = PBXGroup;
			children = (
				3391CC6D24044D8000AE8DE2 /* AppDelegate.swift */,
				3391CC6F24044D8000AE8DE2 /* SceneDelegate.swift */,
				3391CC7124044D8000AE8DE2 /* ViewController.swift */,
				3391CC7324044D8000AE8DE2 /* Main.storyboard */,
				3391CC7624044D8100AE8DE2 /* Assets.xcassets */,
				3391CC7824044D8100AE8DE2 /* LaunchScreen.storyboard */,
				3391CC7B24044D8100AE8DE2 /* Info.plist */,
			);
			path = Parstagram;
			sourceTree = "<group>";
		};
		3391CC8324044D8100AE8DE2 /* ParstagramTests */ = {
			isa = PBXGroup;
			children = (
				3391CC8424044D8100AE8DE2 /* ParstagramTests.swift */,
				3391CC8624044D8100AE8DE2 /* Info.plist */,
			);
			path = ParstagramTests;
			sourceTree = "<group>";
		};
		3391CC8E24044D8100AE8DE2 /* ParstagramUITests */ = {
			isa = PBXGroup;
			children = (
				3391CC8F24044D8100AE8DE2 /* ParstagramUITests.swift */,
				3391CC9124044D8100AE8DE2 /* Info.plist */,
			);
			path = ParstagramUITests;
			sourceTree = "<group>";
		};
/* End PBXGroup section */

/* Begin PBXNativeTarget section */
		3391CC6924044D8000AE8DE2 /* Parstagram */ = {
			isa = PBXNativeTarget;
			buildConfigurationList = 3391CC9424044D8100AE8DE2 /* Build configuration list for PBXNativeTarget "Parstagram" */;
			buildPhases = (
				3391CC6624044D8000AE8DE2 /* Sources */,
				3391CC6724044D8000AE8DE2 /* Frameworks */,
				3391CC6824044D8000AE8DE2 /* Resources */,
			);
			buildRules = (
			);
			dependencies = (
			);
			name = Parstagram;
			productName = Parstagram;
			productReference = 3391CC6A24044D8000AE8DE2 /* Parstagram.app */;
			productType = "com.apple.product-type.application";
		};
		3391CC7F24044D8100AE8DE2 /* ParstagramTests */ = {
			isa = PBXNativeTarget;
			buildConfigurationList = 3391CC9724044D8100AE8DE2 /* Build configuration list for PBXNativeTarget "ParstagramTests" */;
			buildPhases = (
				3391CC7C24044D8100AE8DE2 /* Sources */,
				3391CC7D24044D8100AE8DE2 /* Frameworks */,
				3391CC7E24044D8100AE8DE2 /* Resources */,
			);
			buildRules = (
			);
			dependencies = (
				3391CC8224044D8100AE8DE2 /* PBXTargetDependency */,
			);
			name = ParstagramTests;
			productName = ParstagramTests;
			productReference = 3391CC8024044D8100AE8DE2 /* ParstagramTests.xctest */;
			productType = "com.apple.product-type.bundle.unit-test";
		};
		3391CC8A24044D8100AE8DE2 /* ParstagramUITests */ = {
			isa = PBXNativeTarget;
			buildConfigurationList = 3391CC9A24044D8100AE8DE2 /* Build configuration list for PBXNativeTarget "ParstagramUITests" */;
			buildPhases = (
				3391CC8724044D8100AE8DE2 /* Sources */,
				3391CC8824044D8100AE8DE2 /* Frameworks */,
				3391CC8924044D8100AE8DE2 /* Resources */,
			);
			buildRules = (
			);
			dependencies = (
				3391CC8D24044D8100AE8DE2 /* PBXTargetDependency */,
			);
			name = ParstagramUITests;
			productName = ParstagramUITests;
			productReference = 3391CC8B24044D8100AE8DE2 /* ParstagramUITests.xctest */;
			productType = "com.apple.product-type.bundle.ui-testing";
		};
/* End PBXNativeTarget section */

/* Begin PBXProject section */
		3391CC6224044D8000AE8DE2 /* Project object */ = {
			isa = PBXProject;
			attributes = {
				LastSwiftUpdateCheck = 1130;
				LastUpgradeCheck = 1130;
				ORGANIZATIONNAME = whipp;
				TargetAttributes = {
					3391CC6924044D8000AE8DE2 = {
						CreatedOnToolsVersion = 11.3.1;
					};
					3391CC7F24044D8100AE8DE2 = {
						CreatedOnToolsVersion = 11.3.1;
						TestTargetID = 3391CC6924044D8000AE8DE2;
					};
					3391CC8A24044D8100AE8DE2 = {
						CreatedOnToolsVersion = 11.3.1;
						TestTargetID = 3391CC6924044D8000AE8DE2;
					};
				};
			};
			buildConfigurationList = 3391CC6524044D8000AE8DE2 /* Build configuration list for PBXProject "Parstagram" */;
			compatibilityVersion = "Xcode 9.3";
			developmentRegion = en;
			hasScannedForEncodings = 0;
			knownRegions = (
				en,
				Base,
			);
			mainGroup = 3391CC6124044D8000AE8DE2;
			productRefGroup = 3391CC6B24044D8000AE8DE2 /* Products */;
			projectDirPath = "";
			projectRoot = "";
			targets = (
				3391CC6924044D8000AE8DE2 /* Parstagram */,
				3391CC7F24044D8100AE8DE2 /* ParstagramTests */,
				3391CC8A24044D8100AE8DE2 /* ParstagramUITests */,
			);
		};
/* End PBXProject section */

/* Begin PBXResourcesBuildPhase section */
		3391CC6824044D8000AE8DE2 /* Resources */ = {
			isa = PBXResourcesBuildPhase;
			buildActionMask = 2147483647;
			files = (
				3391CC7A24044D8100AE8DE2 /* LaunchScreen.storyboard in Resources */,
				3391CC7724044D8100AE8DE2 /* Assets.xcassets in Resources */,
				3391CC7524044D8000AE8DE2 /* Main.storyboard in Resources */,
			);
			runOnlyForDeploymentPostprocessing = 0;
		};
		3391CC7E24044D8100AE8DE2 /* Resources */ = {
			isa = PBXResourcesBuildPhase;
			buildActionMask = 2147483647;
			files = (
			);
			runOnlyForDeploymentPostprocessing = 0;
		};
		3391CC8924044D8100AE8DE2 /* Resources */ = {
			isa = PBXResourcesBuildPhase;
			buildActionMask = 2147483647;
			files = (
			);
			runOnlyForDeploymentPostprocessing = 0;
		};
/* End PBXResourcesBuildPhase section */

/* Begin PBXSourcesBuildPhase section */
		3391CC6624044D8000AE8DE2 /* Sources */ = {
			isa = PBXSourcesBuildPhase;
			buildActionMask = 2147483647;
			files = (
				3391CC7224044D8000AE8DE2 /* ViewController.swift in Sources */,
				3391CC6E24044D8000AE8DE2 /* AppDelegate.swift in Sources */,
				3391CC7024044D8000AE8DE2 /* SceneDelegate.swift in Sources */,
			);
			runOnlyForDeploymentPostprocessing = 0;
		};
		3391CC7C24044D8100AE8DE2 /* Sources */ = {
			isa = PBXSourcesBuildPhase;
			buildActionMask = 2147483647;
			files = (
				3391CC8524044D8100AE8DE2 /* ParstagramTests.swift in Sources */,
			);
			runOnlyForDeploymentPostprocessing = 0;
		};
		3391CC8724044D8100AE8DE2 /* Sources */ = {
			isa = PBXSourcesBuildPhase;
			buildActionMask = 2147483647;
			files = (
				3391CC9024044D8100AE8DE2 /* ParstagramUITests.swift in Sources */,
			);
			runOnlyForDeploymentPostprocessing = 0;
		};
/* End PBXSourcesBuildPhase section */

/* Begin PBXTargetDependency section */
		3391CC8224044D8100AE8DE2 /* PBXTargetDependency */ = {
			isa = PBXTargetDependency;
			target = 3391CC6924044D8000AE8DE2 /* Parstagram */;
			targetProxy = 3391CC8124044D8100AE8DE2 /* PBXContainerItemProxy */;
		};
		3391CC8D24044D8100AE8DE2 /* PBXTargetDependency */ = {
			isa = PBXTargetDependency;
			target = 3391CC6924044D8000AE8DE2 /* Parstagram */;
			targetProxy = 3391CC8C24044D8100AE8DE2 /* PBXContainerItemProxy */;
		};
/* End PBXTargetDependency section */

/* Begin PBXVariantGroup section */
		3391CC7324044D8000AE8DE2 /* Main.storyboard */ = {
			isa = PBXVariantGroup;
			children = (
				3391CC7424044D8000AE8DE2 /* Base */,
			);
			name = Main.storyboard;
			sourceTree = "<group>";
		};
		3391CC7824044D8100AE8DE2 /* LaunchScreen.storyboard */ = {
			isa = PBXVariantGroup;
			children = (
				3391CC7924044D8100AE8DE2 /* Base */,
			);
			name = LaunchScreen.storyboard;
			sourceTree = "<group>";
		};
/* End PBXVariantGroup section */

/* Begin XCBuildConfiguration section */
		3391CC9224044D8100AE8DE2 /* Debug */ = {
			isa = XCBuildConfiguration;
			buildSettings = {
				ALWAYS_SEARCH_USER_PATHS = NO;
				CLANG_ANALYZER_NONNULL = YES;
				CLANG_ANALYZER_NUMBER_OBJECT_CONVERSION = YES_AGGRESSIVE;
				CLANG_CXX_LANGUAGE_STANDARD = "gnu++14";
				CLANG_CXX_LIBRARY = "libc++";
				CLANG_ENABLE_MODULES = YES;
				CLANG_ENABLE_OBJC_ARC = YES;
				CLANG_ENABLE_OBJC_WEAK = YES;
				CLANG_WARN_BLOCK_CAPTURE_AUTORELEASING = YES;
				CLANG_WARN_BOOL_CONVERSION = YES;
				CLANG_WARN_COMMA = YES;
				CLANG_WARN_CONSTANT_CONVERSION = YES;
				CLANG_WARN_DEPRECATED_OBJC_IMPLEMENTATIONS = YES;
				CLANG_WARN_DIRECT_OBJC_ISA_USAGE = YES_ERROR;
				CLANG_WARN_DOCUMENTATION_COMMENTS = YES;
				CLANG_WARN_EMPTY_BODY = YES;
				CLANG_WARN_ENUM_CONVERSION = YES;
				CLANG_WARN_INFINITE_RECURSION = YES;
				CLANG_WARN_INT_CONVERSION = YES;
				CLANG_WARN_NON_LITERAL_NULL_CONVERSION = YES;
				CLANG_WARN_OBJC_IMPLICIT_RETAIN_SELF = YES;
				CLANG_WARN_OBJC_LITERAL_CONVERSION = YES;
				CLANG_WARN_OBJC_ROOT_CLASS = YES_ERROR;
				CLANG_WARN_RANGE_LOOP_ANALYSIS = YES;
				CLANG_WARN_STRICT_PROTOTYPES = YES;
				CLANG_WARN_SUSPICIOUS_MOVE = YES;
				CLANG_WARN_UNGUARDED_AVAILABILITY = YES_AGGRESSIVE;
				CLANG_WARN_UNREACHABLE_CODE = YES;
				CLANG_WARN__DUPLICATE_METHOD_MATCH = YES;
				COPY_PHASE_STRIP = NO;
				DEBUG_INFORMATION_FORMAT = dwarf;
				ENABLE_STRICT_OBJC_MSGSEND = YES;
				ENABLE_TESTABILITY = YES;
				GCC_C_LANGUAGE_STANDARD = gnu11;
				GCC_DYNAMIC_NO_PIC = NO;
				GCC_NO_COMMON_BLOCKS = YES;
				GCC_OPTIMIZATION_LEVEL = 0;
				GCC_PREPROCESSOR_DEFINITIONS = (
					"DEBUG=1",
					"$(inherited)",
				);
				GCC_WARN_64_TO_32_BIT_CONVERSION = YES;
				GCC_WARN_ABOUT_RETURN_TYPE = YES_ERROR;
				GCC_WARN_UNDECLARED_SELECTOR = YES;
				GCC_WARN_UNINITIALIZED_AUTOS = YES_AGGRESSIVE;
				GCC_WARN_UNUSED_FUNCTION = YES;
				GCC_WARN_UNUSED_VARIABLE = YES;
				IPHONEOS_DEPLOYMENT_TARGET = 13.2;
				MTL_ENABLE_DEBUG_INFO = INCLUDE_SOURCE;
				MTL_FAST_MATH = YES;
				ONLY_ACTIVE_ARCH = YES;
				SDKROOT = iphoneos;
				SWIFT_ACTIVE_COMPILATION_CONDITIONS = DEBUG;
				SWIFT_OPTIMIZATION_LEVEL = "-Onone";
			};
			name = Debug;
		};
		3391CC9324044D8100AE8DE2 /* Release */ = {
			isa = XCBuildConfiguration;
			buildSettings = {
				ALWAYS_SEARCH_USER_PATHS = NO;
				CLANG_ANALYZER_NONNULL = YES;
				CLANG_ANALYZER_NUMBER_OBJECT_CONVERSION = YES_AGGRESSIVE;
				CLANG_CXX_LANGUAGE_STANDARD = "gnu++14";
				CLANG_CXX_LIBRARY = "libc++";
				CLANG_ENABLE_MODULES = YES;
				CLANG_ENABLE_OBJC_ARC = YES;
				CLANG_ENABLE_OBJC_WEAK = YES;
				CLANG_WARN_BLOCK_CAPTURE_AUTORELEASING = YES;
				CLANG_WARN_BOOL_CONVERSION = YES;
				CLANG_WARN_COMMA = YES;
				CLANG_WARN_CONSTANT_CONVERSION = YES;
				CLANG_WARN_DEPRECATED_OBJC_IMPLEMENTATIONS = YES;
				CLANG_WARN_DIRECT_OBJC_ISA_USAGE = YES_ERROR;
				CLANG_WARN_DOCUMENTATION_COMMENTS = YES;
				CLANG_WARN_EMPTY_BODY = YES;
				CLANG_WARN_ENUM_CONVERSION = YES;
				CLANG_WARN_INFINITE_RECURSION = YES;
				CLANG_WARN_INT_CONVERSION = YES;
				CLANG_WARN_NON_LITERAL_NULL_CONVERSION = YES;
				CLANG_WARN_OBJC_IMPLICIT_RETAIN_SELF = YES;
				CLANG_WARN_OBJC_LITERAL_CONVERSION = YES;
				CLANG_WARN_OBJC_ROOT_CLASS = YES_ERROR;
				CLANG_WARN_RANGE_LOOP_ANALYSIS = YES;
				CLANG_WARN_STRICT_PROTOTYPES = YES;
				CLANG_WARN_SUSPICIOUS_MOVE = YES;
				CLANG_WARN_UNGUARDED_AVAILABILITY = YES_AGGRESSIVE;
				CLANG_WARN_UNREACHABLE_CODE = YES;
				CLANG_WARN__DUPLICATE_METHOD_MATCH = YES;
				COPY_PHASE_STRIP = NO;
				DEBUG_INFORMATION_FORMAT = "dwarf-with-dsym";
				ENABLE_NS_ASSERTIONS = NO;
				ENABLE_STRICT_OBJC_MSGSEND = YES;
				GCC_C_LANGUAGE_STANDARD = gnu11;
				GCC_NO_COMMON_BLOCKS = YES;
				GCC_WARN_64_TO_32_BIT_CONVERSION = YES;
				GCC_WARN_ABOUT_RETURN_TYPE = YES_ERROR;
				GCC_WARN_UNDECLARED_SELECTOR = YES;
				GCC_WARN_UNINITIALIZED_AUTOS = YES_AGGRESSIVE;
				GCC_WARN_UNUSED_FUNCTION = YES;
				GCC_WARN_UNUSED_VARIABLE = YES;
				IPHONEOS_DEPLOYMENT_TARGET = 13.2;
				MTL_ENABLE_DEBUG_INFO = NO;
				MTL_FAST_MATH = YES;
				SDKROOT = iphoneos;
				SWIFT_COMPILATION_MODE = wholemodule;
				SWIFT_OPTIMIZATION_LEVEL = "-O";
				VALIDATE_PRODUCT = YES;
			};
			name = Release;
		};
		3391CC9524044D8100AE8DE2 /* Debug */ = {
			isa = XCBuildConfiguration;
			buildSettings = {
				ASSETCATALOG_COMPILER_APPICON_NAME = AppIcon;
				CODE_SIGN_STYLE = Automatic;
				INFOPLIST_FILE = Parstagram/Info.plist;
				LD_RUNPATH_SEARCH_PATHS = (
					"$(inherited)",
					"@executable_path/Frameworks",
				);
				PRODUCT_BUNDLE_IDENTIFIER = edu.whipp.Parstagram;
				PRODUCT_NAME = "$(TARGET_NAME)";
				SWIFT_VERSION = 5.0;
				TARGETED_DEVICE_FAMILY = "1,2";
			};
			name = Debug;
		};
		3391CC9624044D8100AE8DE2 /* Release */ = {
			isa = XCBuildConfiguration;
			buildSettings = {
				ASSETCATALOG_COMPILER_APPICON_NAME = AppIcon;
				CODE_SIGN_STYLE = Automatic;
				INFOPLIST_FILE = Parstagram/Info.plist;
				LD_RUNPATH_SEARCH_PATHS = (
					"$(inherited)",
					"@executable_path/Frameworks",
				);
				PRODUCT_BUNDLE_IDENTIFIER = edu.whipp.Parstagram;
				PRODUCT_NAME = "$(TARGET_NAME)";
				SWIFT_VERSION = 5.0;
				TARGETED_DEVICE_FAMILY = "1,2";
			};
			name = Release;
		};
		3391CC9824044D8100AE8DE2 /* Debug */ = {
			isa = XCBuildConfiguration;
			buildSettings = {
				ALWAYS_EMBED_SWIFT_STANDARD_LIBRARIES = YES;
				BUNDLE_LOADER = "$(TEST_HOST)";
				CODE_SIGN_STYLE = Automatic;
				INFOPLIST_FILE = ParstagramTests/Info.plist;
				IPHONEOS_DEPLOYMENT_TARGET = 13.2;
				LD_RUNPATH_SEARCH_PATHS = (
					"$(inherited)",
					"@executable_path/Frameworks",
					"@loader_path/Frameworks",
				);
				PRODUCT_BUNDLE_IDENTIFIER = edu.whipp.ParstagramTests;
				PRODUCT_NAME = "$(TARGET_NAME)";
				SWIFT_VERSION = 5.0;
				TARGETED_DEVICE_FAMILY = "1,2";
				TEST_HOST = "$(BUILT_PRODUCTS_DIR)/Parstagram.app/Parstagram";
			};
			name = Debug;
		};
		3391CC9924044D8100AE8DE2 /* Release */ = {
			isa = XCBuildConfiguration;
			buildSettings = {
				ALWAYS_EMBED_SWIFT_STANDARD_LIBRARIES = YES;
				BUNDLE_LOADER = "$(TEST_HOST)";
				CODE_SIGN_STYLE = Automatic;
				INFOPLIST_FILE = ParstagramTests/Info.plist;
				IPHONEOS_DEPLOYMENT_TARGET = 13.2;
				LD_RUNPATH_SEARCH_PATHS = (
					"$(inherited)",
					"@executable_path/Frameworks",
					"@loader_path/Frameworks",
				);
				PRODUCT_BUNDLE_IDENTIFIER = edu.whipp.ParstagramTests;
				PRODUCT_NAME = "$(TARGET_NAME)";
				SWIFT_VERSION = 5.0;
				TARGETED_DEVICE_FAMILY = "1,2";
				TEST_HOST = "$(BUILT_PRODUCTS_DIR)/Parstagram.app/Parstagram";
			};
			name = Release;
		};
		3391CC9B24044D8100AE8DE2 /* Debug */ = {
			isa = XCBuildConfiguration;
			buildSettings = {
				ALWAYS_EMBED_SWIFT_STANDARD_LIBRARIES = YES;
				CODE_SIGN_STYLE = Automatic;
				INFOPLIST_FILE = ParstagramUITests/Info.plist;
				LD_RUNPATH_SEARCH_PATHS = (
					"$(inherited)",
					"@executable_path/Frameworks",
					"@loader_path/Frameworks",
				);
				PRODUCT_BUNDLE_IDENTIFIER = edu.whipp.ParstagramUITests;
				PRODUCT_NAME = "$(TARGET_NAME)";
				SWIFT_VERSION = 5.0;
				TARGETED_DEVICE_FAMILY = "1,2";
				TEST_TARGET_NAME = Parstagram;
			};
			name = Debug;
		};
		3391CC9C24044D8100AE8DE2 /* Release */ = {
			isa = XCBuildConfiguration;
			buildSettings = {
				ALWAYS_EMBED_SWIFT_STANDARD_LIBRARIES = YES;
				CODE_SIGN_STYLE = Automatic;
				INFOPLIST_FILE = ParstagramUITests/Info.plist;
				LD_RUNPATH_SEARCH_PATHS = (
					"$(inherited)",
					"@executable_path/Frameworks",
					"@loader_path/Frameworks",
				);
				PRODUCT_BUNDLE_IDENTIFIER = edu.whipp.ParstagramUITests;
				PRODUCT_NAME = "$(TARGET_NAME)";
				SWIFT_VERSION = 5.0;
				TARGETED_DEVICE_FAMILY = "1,2";
				TEST_TARGET_NAME = Parstagram;
			};
			name = Release;
		};
/* End XCBuildConfiguration section */

/* Begin XCConfigurationList section */
		3391CC6524044D8000AE8DE2 /* Build configuration list for PBXProject "Parstagram" */ = {
			isa = XCConfigurationList;
			buildConfigurations = (
				3391CC9224044D8100AE8DE2 /* Debug */,
				3391CC9324044D8100AE8DE2 /* Release */,
			);
			defaultConfigurationIsVisible = 0;
			defaultConfigurationName = Release;
		};
		3391CC9424044D8100AE8DE2 /* Build configuration list for PBXNativeTarget "Parstagram" */ = {
			isa = XCConfigurationList;
			buildConfigurations = (
				3391CC9524044D8100AE8DE2 /* Debug */,
				3391CC9624044D8100AE8DE2 /* Release */,
			);
			defaultConfigurationIsVisible = 0;
			defaultConfigurationName = Release;
		};
		3391CC9724044D8100AE8DE2 /* Build configuration list for PBXNativeTarget "ParstagramTests" */ = {
			isa = XCConfigurationList;
			buildConfigurations = (
				3391CC9824044D8100AE8DE2 /* Debug */,
				3391CC9924044D8100AE8DE2 /* Release */,
			);
			defaultConfigurationIsVisible = 0;
			defaultConfigurationName = Release;
		};
		3391CC9A24044D8100AE8DE2 /* Build configuration list for PBXNativeTarget "ParstagramUITests" */ = {
			isa = XCConfigurationList;
			buildConfigurations = (
				3391CC9B24044D8100AE8DE2 /* Debug */,
				3391CC9C24044D8100AE8DE2 /* Release */,
			);
			defaultConfigurationIsVisible = 0;
			defaultConfigurationName = Release;
		};
/* End XCConfigurationList section */
	};
	rootObject = 3391CC6224044D8000AE8DE2 /* Project object */;
}
