// !$*UTF8*$!
{
	archiveVersion = 1;
	classes = {
	};
	objectVersion = 51;
	objects = {

/* Begin PBXBuildFile section */
		06F0982D684EFDF5B4AEF796 /* Pods_Parstagram.framework in Frameworks */ = {isa = PBXBuildFile; fileRef = DB19761845AD4451BB2C3C9D /* Pods_Parstagram.framework */; };
		1E9836342F10C3595139B08D /* Pods_Parstagram_ParstagramUITests.framework in Frameworks */ = {isa = PBXBuildFile; fileRef = 1E4E112BEB9E50D33C323BF7 /* Pods_Parstagram_ParstagramUITests.framework */; };
		332A287F240AF5BA00AB86FD /* CameraViewController.swift in Sources */ = {isa = PBXBuildFile; fileRef = 332A287E240AF5BA00AB86FD /* CameraViewController.swift */; };
		3361FE08240E1A21005E6114 /* PostCell.swift in Sources */ = {isa = PBXBuildFile; fileRef = 3361FE07240E1A21005E6114 /* PostCell.swift */; };
		3391CC6E24044D8000AE8DE2 /* AppDelegate.swift in Sources */ = {isa = PBXBuildFile; fileRef = 3391CC6D24044D8000AE8DE2 /* AppDelegate.swift */; };
		3391CC7024044D8000AE8DE2 /* SceneDelegate.swift in Sources */ = {isa = PBXBuildFile; fileRef = 3391CC6F24044D8000AE8DE2 /* SceneDelegate.swift */; };
		3391CC7524044D8000AE8DE2 /* Main.storyboard in Resources */ = {isa = PBXBuildFile; fileRef = 3391CC7324044D8000AE8DE2 /* Main.storyboard */; };
		3391CC7724044D8100AE8DE2 /* Assets.xcassets in Resources */ = {isa = PBXBuildFile; fileRef = 3391CC7624044D8100AE8DE2 /* Assets.xcassets */; };
		3391CC7A24044D8100AE8DE2 /* LaunchScreen.storyboard in Resources */ = {isa = PBXBuildFile; fileRef = 3391CC7824044D8100AE8DE2 /* LaunchScreen.storyboard */; };
		3391CC8524044D8100AE8DE2 /* ParstagramTests.swift in Sources */ = {isa = PBXBuildFile; fileRef = 3391CC8424044D8100AE8DE2 /* ParstagramTests.swift */; };
		3391CC9024044D8100AE8DE2 /* ParstagramUITests.swift in Sources */ = {isa = PBXBuildFile; fileRef = 3391CC8F24044D8100AE8DE2 /* ParstagramUITests.swift */; };
		33D64D832406DB2200E4566E /* LoginViewController.swift in Sources */ = {isa = PBXBuildFile; fileRef = 33D64D822406DB2200E4566E /* LoginViewController.swift */; };
		33D64D852406DB3400E4566E /* FeedViewController.swift in Sources */ = {isa = PBXBuildFile; fileRef = 33D64D842406DB3400E4566E /* FeedViewController.swift */; };
		60FF346062FCC07DE274F4D2 /* Pods_ParstagramTests.framework in Frameworks */ = {isa = PBXBuildFile; fileRef = 2126D0A9C4F59094976975BE /* Pods_ParstagramTests.framework */; };
/* End PBXBuildFile section */

/* Begin PBXContainerItemProxy section */
		3391CC8124044D8100AE8DE2 /* PBXContainerItemProxy */ = {
			isa = PBXContainerItemProxy;
			containerPortal = 3391CC6224044D8000AE8DE2 /* Project object */;
			proxyType = 1;
			remoteGlobalIDString = 3391CC6924044D8000AE8DE2;
			remoteInfo = Parstagram;
		};
		3391CC8C24044D8100AE8DE2 /* PBXContainerItemProxy */ = {
			isa = PBXContainerItemProxy;
			containerPortal = 3391CC6224044D8000AE8DE2 /* Project object */;
			proxyType = 1;
			remoteGlobalIDString = 3391CC6924044D8000AE8DE2;
			remoteInfo = Parstagram;
		};
/* End PBXContainerItemProxy section */

/* Begin PBXFileReference section */
		1E4E112BEB9E50D33C323BF7 /* Pods_Parstagram_ParstagramUITests.framework */ = {isa = PBXFileReference; explicitFileType = wrapper.framework; includeInIndex = 0; path = Pods_Parstagram_ParstagramUITests.framework; sourceTree = BUILT_PRODUCTS_DIR; };
		2126D0A9C4F59094976975BE /* Pods_ParstagramTests.framework */ = {isa = PBXFileReference; explicitFileType = wrapper.framework; includeInIndex = 0; path = Pods_ParstagramTests.framework; sourceTree = BUILT_PRODUCTS_DIR; };
		332A287E240AF5BA00AB86FD /* CameraViewController.swift */ = {isa = PBXFileReference; lastKnownFileType = sourcecode.swift; path = CameraViewController.swift; sourceTree = "<group>"; };
		3361FE07240E1A21005E6114 /* PostCell.swift */ = {isa = PBXFileReference; lastKnownFileType = sourcecode.swift; path = PostCell.swift; sourceTree = "<group>"; };
		3391CC6A24044D8000AE8DE2 /* Parstagram.app */ = {isa = PBXFileReference; explicitFileType = wrapper.application; includeInIndex = 0; path = Parstagram.app; sourceTree = BUILT_PRODUCTS_DIR; };
		3391CC6D24044D8000AE8DE2 /* AppDelegate.swift */ = {isa = PBXFileReference; lastKnownFileType = sourcecode.swift; path = AppDelegate.swift; sourceTree = "<group>"; };
		3391CC6F24044D8000AE8DE2 /* SceneDelegate.swift */ = {isa = PBXFileReference; lastKnownFileType = sourcecode.swift; path = SceneDelegate.swift; sourceTree = "<group>"; };
		3391CC7424044D8000AE8DE2 /* Base */ = {isa = PBXFileReference; lastKnownFileType = file.storyboard; name = Base; path = Base.lproj/Main.storyboard; sourceTree = "<group>"; };
		3391CC7624044D8100AE8DE2 /* Assets.xcassets */ = {isa = PBXFileReference; lastKnownFileType = folder.assetcatalog; path = Assets.xcassets; sourceTree = "<group>"; };
		3391CC7924044D8100AE8DE2 /* Base */ = {isa = PBXFileReference; lastKnownFileType = file.storyboard; name = Base; path = Base.lproj/LaunchScreen.storyboard; sourceTree = "<group>"; };
		3391CC7B24044D8100AE8DE2 /* Info.plist */ = {isa = PBXFileReference; lastKnownFileType = text.plist.xml; path = Info.plist; sourceTree = "<group>"; };
		3391CC8024044D8100AE8DE2 /* ParstagramTests.xctest */ = {isa = PBXFileReference; explicitFileType = wrapper.cfbundle; includeInIndex = 0; path = ParstagramTests.xctest; sourceTree = BUILT_PRODUCTS_DIR; };
		3391CC8424044D8100AE8DE2 /* ParstagramTests.swift */ = {isa = PBXFileReference; lastKnownFileType = sourcecode.swift; path = ParstagramTests.swift; sourceTree = "<group>"; };
		3391CC8624044D8100AE8DE2 /* Info.plist */ = {isa = PBXFileReference; lastKnownFileType = text.plist.xml; path = Info.plist; sourceTree = "<group>"; };
		3391CC8B24044D8100AE8DE2 /* ParstagramUITests.xctest */ = {isa = PBXFileReference; explicitFileType = wrapper.cfbundle; includeInIndex = 0; path = ParstagramUITests.xctest; sourceTree = BUILT_PRODUCTS_DIR; };
		3391CC8F24044D8100AE8DE2 /* ParstagramUITests.swift */ = {isa = PBXFileReference; lastKnownFileType = sourcecode.swift; path = ParstagramUITests.swift; sourceTree = "<group>"; };
		3391CC9124044D8100AE8DE2 /* Info.plist */ = {isa = PBXFileReference; lastKnownFileType = text.plist.xml; path = Info.plist; sourceTree = "<group>"; };
		33D64D822406DB2200E4566E /* LoginViewController.swift */ = {isa = PBXFileReference; lastKnownFileType = sourcecode.swift; path = LoginViewController.swift; sourceTree = "<group>"; };
		33D64D842406DB3400E4566E /* FeedViewController.swift */ = {isa = PBXFileReference; lastKnownFileType = sourcecode.swift; path = FeedViewController.swift; sourceTree = "<group>"; };
		41587DF5713309BF1F5B55CE /* Pods-Parstagram.release.xcconfig */ = {isa = PBXFileReference; includeInIndex = 1; lastKnownFileType = text.xcconfig; name = "Pods-Parstagram.release.xcconfig"; path = "Target Support Files/Pods-Parstagram/Pods-Parstagram.release.xcconfig"; sourceTree = "<group>"; };
		5D9844F753CA9714F1B5E678 /* Pods-Parstagram.debug.xcconfig */ = {isa = PBXFileReference; includeInIndex = 1; lastKnownFileType = text.xcconfig; name = "Pods-Parstagram.debug.xcconfig"; path = "Target Support Files/Pods-Parstagram/Pods-Parstagram.debug.xcconfig"; sourceTree = "<group>"; };
		9807B6DCB4E3CE5DE20DFE52 /* Pods-ParstagramTests.release.xcconfig */ = {isa = PBXFileReference; includeInIndex = 1; lastKnownFileType = text.xcconfig; name = "Pods-ParstagramTests.release.xcconfig"; path = "Target Support Files/Pods-ParstagramTests/Pods-ParstagramTests.release.xcconfig"; sourceTree = "<group>"; };
		9B085D4A3D9B42426024A351 /* Pods-Parstagram-ParstagramUITests.release.xcconfig */ = {isa = PBXFileReference; includeInIndex = 1; lastKnownFileType = text.xcconfig; name = "Pods-Parstagram-ParstagramUITests.release.xcconfig"; path = "Target Support Files/Pods-Parstagram-ParstagramUITests/Pods-Parstagram-ParstagramUITests.release.xcconfig"; sourceTree = "<group>"; };
		A6A7AC4EDEA5483378F451E7 /* Pods-ParstagramTests.debug.xcconfig */ = {isa = PBXFileReference; includeInIndex = 1; lastKnownFileType = text.xcconfig; name = "Pods-ParstagramTests.debug.xcconfig"; path = "Target Support Files/Pods-ParstagramTests/Pods-ParstagramTests.debug.xcconfig"; sourceTree = "<group>"; };
		B6529B1BCC7A8941564BC1A3 /* Pods-Parstagram-ParstagramUITests.debug.xcconfig */ = {isa = PBXFileReference; includeInIndex = 1; lastKnownFileType = text.xcconfig; name = "Pods-Parstagram-ParstagramUITests.debug.xcconfig"; path = "Target Support Files/Pods-Parstagram-ParstagramUITests/Pods-Parstagram-ParstagramUITests.debug.xcconfig"; sourceTree = "<group>"; };
		DB19761845AD4451BB2C3C9D /* Pods_Parstagram.framework */ = {isa = PBXFileReference; explicitFileType = wrapper.framework; includeInIndex = 0; path = Pods_Parstagram.framework; sourceTree = BUILT_PRODUCTS_DIR; };
/* End PBXFileReference section */

/* Begin PBXFrameworksBuildPhase section */
		3391CC6724044D8000AE8DE2 /* Frameworks */ = {
			isa = PBXFrameworksBuildPhase;
			buildActionMask = 2147483647;
			files = (
				06F0982D684EFDF5B4AEF796 /* Pods_Parstagram.framework in Frameworks */,
			);
			runOnlyForDeploymentPostprocessing = 0;
		};
		3391CC7D24044D8100AE8DE2 /* Frameworks */ = {
			isa = PBXFrameworksBuildPhase;
			buildActionMask = 2147483647;
			files = (
				60FF346062FCC07DE274F4D2 /* Pods_ParstagramTests.framework in Frameworks */,
			);
			runOnlyForDeploymentPostprocessing = 0;
		};
		3391CC8824044D8100AE8DE2 /* Frameworks */ = {
			isa = PBXFrameworksBuildPhase;
			buildActionMask = 2147483647;
			files = (
				1E9836342F10C3595139B08D /* Pods_Parstagram_ParstagramUITests.framework in Frameworks */,
			);
			runOnlyForDeploymentPostprocessing = 0;
		};
/* End PBXFrameworksBuildPhase section */

/* Begin PBXGroup section */
		3391CC6124044D8000AE8DE2 = {
			isa = PBXGroup;
			children = (
				3391CC6C24044D8000AE8DE2 /* Parstagram */,
				3391CC8324044D8100AE8DE2 /* ParstagramTests */,
				3391CC8E24044D8100AE8DE2 /* ParstagramUITests */,
				3391CC6B24044D8000AE8DE2 /* Products */,
				DEC46C1AB08AEDC31BB06DF1 /* Pods */,
				4DEBB2633E44F3AE5408D226 /* Frameworks */,
			);
			sourceTree = "<group>";
		};
		3391CC6B24044D8000AE8DE2 /* Products */ = {
			isa = PBXGroup;
			children = (
				3391CC6A24044D8000AE8DE2 /* Parstagram.app */,
				3391CC8024044D8100AE8DE2 /* ParstagramTests.xctest */,
				3391CC8B24044D8100AE8DE2 /* ParstagramUITests.xctest */,
			);
			name = Products;
			sourceTree = "<group>";
		};
		3391CC6C24044D8000AE8DE2 /* Parstagram */ = {
			isa = PBXGroup;
			children = (
				3391CC6D24044D8000AE8DE2 /* AppDelegate.swift */,
				3391CC6F24044D8000AE8DE2 /* SceneDelegate.swift */,
				3391CC7324044D8000AE8DE2 /* Main.storyboard */,
				3391CC7624044D8100AE8DE2 /* Assets.xcassets */,
				3391CC7824044D8100AE8DE2 /* LaunchScreen.storyboard */,
				3391CC7B24044D8100AE8DE2 /* Info.plist */,
				33D64D822406DB2200E4566E /* LoginViewController.swift */,
				33D64D842406DB3400E4566E /* FeedViewController.swift */,
				332A287E240AF5BA00AB86FD /* CameraViewController.swift */,
				3361FE07240E1A21005E6114 /* PostCell.swift */,
			);
			path = Parstagram;
			sourceTree = "<group>";
		};
		3391CC8324044D8100AE8DE2 /* ParstagramTests */ = {
			isa = PBXGroup;
			children = (
				3391CC8424044D8100AE8DE2 /* ParstagramTests.swift */,
				3391CC8624044D8100AE8DE2 /* Info.plist */,
			);
			path = ParstagramTests;
			sourceTree = "<group>";
		};
		3391CC8E24044D8100AE8DE2 /* ParstagramUITests */ = {
			isa = PBXGroup;
			children = (
				3391CC8F24044D8100AE8DE2 /* ParstagramUITests.swift */,
				3391CC9124044D8100AE8DE2 /* Info.plist */,
			);
			path = ParstagramUITests;
			sourceTree = "<group>";
		};
		4DEBB2633E44F3AE5408D226 /* Frameworks */ = {
			isa = PBXGroup;
			children = (
				DB19761845AD4451BB2C3C9D /* Pods_Parstagram.framework */,
				1E4E112BEB9E50D33C323BF7 /* Pods_Parstagram_ParstagramUITests.framework */,
				2126D0A9C4F59094976975BE /* Pods_ParstagramTests.framework */,
			);
			name = Frameworks;
			sourceTree = "<group>";
		};
		DEC46C1AB08AEDC31BB06DF1 /* Pods */ = {
			isa = PBXGroup;
			children = (
				5D9844F753CA9714F1B5E678 /* Pods-Parstagram.debug.xcconfig */,
				41587DF5713309BF1F5B55CE /* Pods-Parstagram.release.xcconfig */,
				B6529B1BCC7A8941564BC1A3 /* Pods-Parstagram-ParstagramUITests.debug.xcconfig */,
				9B085D4A3D9B42426024A351 /* Pods-Parstagram-ParstagramUITests.release.xcconfig */,
				A6A7AC4EDEA5483378F451E7 /* Pods-ParstagramTests.debug.xcconfig */,
				9807B6DCB4E3CE5DE20DFE52 /* Pods-ParstagramTests.release.xcconfig */,
			);
			path = Pods;
			sourceTree = "<group>";
		};
/* End PBXGroup section */

/* Begin PBXNativeTarget section */
		3391CC6924044D8000AE8DE2 /* Parstagram */ = {
			isa = PBXNativeTarget;
			buildConfigurationList = 3391CC9424044D8100AE8DE2 /* Build configuration list for PBXNativeTarget "Parstagram" */;
			buildPhases = (
				E60FE368BC3E73B4A911D393 /* [CP] Check Pods Manifest.lock */,
				3391CC6624044D8000AE8DE2 /* Sources */,
				3391CC6724044D8000AE8DE2 /* Frameworks */,
				3391CC6824044D8000AE8DE2 /* Resources */,
				E7784203C1B855005F070E4C /* [CP] Embed Pods Frameworks */,
			);
			buildRules = (
			);
			dependencies = (
			);
			name = Parstagram;
			productName = Parstagram;
			productReference = 3391CC6A24044D8000AE8DE2 /* Parstagram.app */;
			productType = "com.apple.product-type.application";
		};
		3391CC7F24044D8100AE8DE2 /* ParstagramTests */ = {
			isa = PBXNativeTarget;
			buildConfigurationList = 3391CC9724044D8100AE8DE2 /* Build configuration list for PBXNativeTarget "ParstagramTests" */;
			buildPhases = (
				9B6847F98ABC070196FE6908 /* [CP] Check Pods Manifest.lock */,
				3391CC7C24044D8100AE8DE2 /* Sources */,
				3391CC7D24044D8100AE8DE2 /* Frameworks */,
				3391CC7E24044D8100AE8DE2 /* Resources */,
			);
			buildRules = (
			);
			dependencies = (
				3391CC8224044D8100AE8DE2 /* PBXTargetDependency */,
			);
			name = ParstagramTests;
			productName = ParstagramTests;
			productReference = 3391CC8024044D8100AE8DE2 /* ParstagramTests.xctest */;
			productType = "com.apple.product-type.bundle.unit-test";
		};
		3391CC8A24044D8100AE8DE2 /* ParstagramUITests */ = {
			isa = PBXNativeTarget;
			buildConfigurationList = 3391CC9A24044D8100AE8DE2 /* Build configuration list for PBXNativeTarget "ParstagramUITests" */;
			buildPhases = (
				080EBE3F041749AF0CB264CE /* [CP] Check Pods Manifest.lock */,
				3391CC8724044D8100AE8DE2 /* Sources */,
				3391CC8824044D8100AE8DE2 /* Frameworks */,
				3391CC8924044D8100AE8DE2 /* Resources */,
				46D1AFBAD022E088B2FFB6B0 /* [CP] Embed Pods Frameworks */,
			);
			buildRules = (
			);
			dependencies = (
				3391CC8D24044D8100AE8DE2 /* PBXTargetDependency */,
			);
			name = ParstagramUITests;
			productName = ParstagramUITests;
			productReference = 3391CC8B24044D8100AE8DE2 /* ParstagramUITests.xctest */;
			productType = "com.apple.product-type.bundle.ui-testing";
		};
/* End PBXNativeTarget section */

/* Begin PBXProject section */
		3391CC6224044D8000AE8DE2 /* Project object */ = {
			isa = PBXProject;
			attributes = {
				LastSwiftUpdateCheck = 1130;
				LastUpgradeCheck = 1130;
				ORGANIZATIONNAME = whipp;
				TargetAttributes = {
					3391CC6924044D8000AE8DE2 = {
						CreatedOnToolsVersion = 11.3.1;
					};
					3391CC7F24044D8100AE8DE2 = {
						CreatedOnToolsVersion = 11.3.1;
						TestTargetID = 3391CC6924044D8000AE8DE2;
					};
					3391CC8A24044D8100AE8DE2 = {
						CreatedOnToolsVersion = 11.3.1;
						TestTargetID = 3391CC6924044D8000AE8DE2;
					};
				};
			};
			buildConfigurationList = 3391CC6524044D8000AE8DE2 /* Build configuration list for PBXProject "Parstagram" */;
			compatibilityVersion = "Xcode 9.3";
			developmentRegion = en;
			hasScannedForEncodings = 0;
			knownRegions = (
				en,
				Base,
			);
			mainGroup = 3391CC6124044D8000AE8DE2;
			productRefGroup = 3391CC6B24044D8000AE8DE2 /* Products */;
			projectDirPath = "";
			projectRoot = "";
			targets = (
				3391CC6924044D8000AE8DE2 /* Parstagram */,
				3391CC7F24044D8100AE8DE2 /* ParstagramTests */,
				3391CC8A24044D8100AE8DE2 /* ParstagramUITests */,
			);
		};
/* End PBXProject section */

/* Begin PBXResourcesBuildPhase section */
		3391CC6824044D8000AE8DE2 /* Resources */ = {
			isa = PBXResourcesBuildPhase;
			buildActionMask = 2147483647;
			files = (
				3391CC7A24044D8100AE8DE2 /* LaunchScreen.storyboard in Resources */,
				3391CC7724044D8100AE8DE2 /* Assets.xcassets in Resources */,
				3391CC7524044D8000AE8DE2 /* Main.storyboard in Resources */,
			);
			runOnlyForDeploymentPostprocessing = 0;
		};
		3391CC7E24044D8100AE8DE2 /* Resources */ = {
			isa = PBXResourcesBuildPhase;
			buildActionMask = 2147483647;
			files = (
			);
			runOnlyForDeploymentPostprocessing = 0;
		};
		3391CC8924044D8100AE8DE2 /* Resources */ = {
			isa = PBXResourcesBuildPhase;
			buildActionMask = 2147483647;
			files = (
			);
			runOnlyForDeploymentPostprocessing = 0;
		};
/* End PBXResourcesBuildPhase section */

/* Begin PBXShellScriptBuildPhase section */
		080EBE3F041749AF0CB264CE /* [CP] Check Pods Manifest.lock */ = {
			isa = PBXShellScriptBuildPhase;
			buildActionMask = 2147483647;
			files = (
			);
			inputFileListPaths = (
			);
			inputPaths = (
				"${PODS_PODFILE_DIR_PATH}/Podfile.lock",
				"${PODS_ROOT}/Manifest.lock",
			);
			name = "[CP] Check Pods Manifest.lock";
			outputFileListPaths = (
			);
			outputPaths = (
				"$(DERIVED_FILE_DIR)/Pods-Parstagram-ParstagramUITests-checkManifestLockResult.txt",
			);
			runOnlyForDeploymentPostprocessing = 0;
			shellPath = /bin/sh;
			shellScript = "diff \"${PODS_PODFILE_DIR_PATH}/Podfile.lock\" \"${PODS_ROOT}/Manifest.lock\" > /dev/null\nif [ $? != 0 ] ; then\n    # print error to STDERR\n    echo \"error: The sandbox is not in sync with the Podfile.lock. Run 'pod install' or update your CocoaPods installation.\" >&2\n    exit 1\nfi\n# This output is used by Xcode 'outputs' to avoid re-running this script phase.\necho \"SUCCESS\" > \"${SCRIPT_OUTPUT_FILE_0}\"\n";
			showEnvVarsInLog = 0;
		};
		46D1AFBAD022E088B2FFB6B0 /* [CP] Embed Pods Frameworks */ = {
			isa = PBXShellScriptBuildPhase;
			buildActionMask = 2147483647;
			files = (
			);
			inputFileListPaths = (
				"${PODS_ROOT}/Target Support Files/Pods-Parstagram-ParstagramUITests/Pods-Parstagram-ParstagramUITests-frameworks-${CONFIGURATION}-input-files.xcfilelist",
			);
			name = "[CP] Embed Pods Frameworks";
			outputFileListPaths = (
				"${PODS_ROOT}/Target Support Files/Pods-Parstagram-ParstagramUITests/Pods-Parstagram-ParstagramUITests-frameworks-${CONFIGURATION}-output-files.xcfilelist",
			);
			runOnlyForDeploymentPostprocessing = 0;
			shellPath = /bin/sh;
			shellScript = "\"${PODS_ROOT}/Target Support Files/Pods-Parstagram-ParstagramUITests/Pods-Parstagram-ParstagramUITests-frameworks.sh\"\n";
			showEnvVarsInLog = 0;
		};
		9B6847F98ABC070196FE6908 /* [CP] Check Pods Manifest.lock */ = {
			isa = PBXShellScriptBuildPhase;
			buildActionMask = 2147483647;
			files = (
			);
			inputFileListPaths = (
			);
			inputPaths = (
				"${PODS_PODFILE_DIR_PATH}/Podfile.lock",
				"${PODS_ROOT}/Manifest.lock",
			);
			name = "[CP] Check Pods Manifest.lock";
			outputFileListPaths = (
			);
			outputPaths = (
				"$(DERIVED_FILE_DIR)/Pods-ParstagramTests-checkManifestLockResult.txt",
			);
			runOnlyForDeploymentPostprocessing = 0;
			shellPath = /bin/sh;
			shellScript = "diff \"${PODS_PODFILE_DIR_PATH}/Podfile.lock\" \"${PODS_ROOT}/Manifest.lock\" > /dev/null\nif [ $? != 0 ] ; then\n    # print error to STDERR\n    echo \"error: The sandbox is not in sync with the Podfile.lock. Run 'pod install' or update your CocoaPods installation.\" >&2\n    exit 1\nfi\n# This output is used by Xcode 'outputs' to avoid re-running this script phase.\necho \"SUCCESS\" > \"${SCRIPT_OUTPUT_FILE_0}\"\n";
			showEnvVarsInLog = 0;
		};
		E60FE368BC3E73B4A911D393 /* [CP] Check Pods Manifest.lock */ = {
			isa = PBXShellScriptBuildPhase;
			buildActionMask = 2147483647;
			files = (
			);
			inputFileListPaths = (
			);
			inputPaths = (
				"${PODS_PODFILE_DIR_PATH}/Podfile.lock",
				"${PODS_ROOT}/Manifest.lock",
			);
			name = "[CP] Check Pods Manifest.lock";
			outputFileListPaths = (
			);
			outputPaths = (
				"$(DERIVED_FILE_DIR)/Pods-Parstagram-checkManifestLockResult.txt",
			);
			runOnlyForDeploymentPostprocessing = 0;
			shellPath = /bin/sh;
			shellScript = "diff \"${PODS_PODFILE_DIR_PATH}/Podfile.lock\" \"${PODS_ROOT}/Manifest.lock\" > /dev/null\nif [ $? != 0 ] ; then\n    # print error to STDERR\n    echo \"error: The sandbox is not in sync with the Podfile.lock. Run 'pod install' or update your CocoaPods installation.\" >&2\n    exit 1\nfi\n# This output is used by Xcode 'outputs' to avoid re-running this script phase.\necho \"SUCCESS\" > \"${SCRIPT_OUTPUT_FILE_0}\"\n";
			showEnvVarsInLog = 0;
		};
		E7784203C1B855005F070E4C /* [CP] Embed Pods Frameworks */ = {
			isa = PBXShellScriptBuildPhase;
			buildActionMask = 2147483647;
			files = (
			);
			inputFileListPaths = (
				"${PODS_ROOT}/Target Support Files/Pods-Parstagram/Pods-Parstagram-frameworks-${CONFIGURATION}-input-files.xcfilelist",
			);
			name = "[CP] Embed Pods Frameworks";
			outputFileListPaths = (
				"${PODS_ROOT}/Target Support Files/Pods-Parstagram/Pods-Parstagram-frameworks-${CONFIGURATION}-output-files.xcfilelist",
			);
			runOnlyForDeploymentPostprocessing = 0;
			shellPath = /bin/sh;
			shellScript = "\"${PODS_ROOT}/Target Support Files/Pods-Parstagram/Pods-Parstagram-frameworks.sh\"\n";
			showEnvVarsInLog = 0;
		};
/* End PBXShellScriptBuildPhase section */

/* Begin PBXSourcesBuildPhase section */
		3391CC6624044D8000AE8DE2 /* Sources */ = {
			isa = PBXSourcesBuildPhase;
			buildActionMask = 2147483647;
			files = (
				33D64D832406DB2200E4566E /* LoginViewController.swift in Sources */,
				332A287F240AF5BA00AB86FD /* CameraViewController.swift in Sources */,
				3391CC6E24044D8000AE8DE2 /* AppDelegate.swift in Sources */,
				33D64D852406DB3400E4566E /* FeedViewController.swift in Sources */,
				3391CC7024044D8000AE8DE2 /* SceneDelegate.swift in Sources */,
				3361FE08240E1A21005E6114 /* PostCell.swift in Sources */,
			);
			runOnlyForDeploymentPostprocessing = 0;
		};
		3391CC7C24044D8100AE8DE2 /* Sources */ = {
			isa = PBXSourcesBuildPhase;
			buildActionMask = 2147483647;
			files = (
				3391CC8524044D8100AE8DE2 /* ParstagramTests.swift in Sources */,
			);
			runOnlyForDeploymentPostprocessing = 0;
		};
		3391CC8724044D8100AE8DE2 /* Sources */ = {
			isa = PBXSourcesBuildPhase;
			buildActionMask = 2147483647;
			files = (
				3391CC9024044D8100AE8DE2 /* ParstagramUITests.swift in Sources */,
			);
			runOnlyForDeploymentPostprocessing = 0;
		};
/* End PBXSourcesBuildPhase section */

/* Begin PBXTargetDependency section */
		3391CC8224044D8100AE8DE2 /* PBXTargetDependency */ = {
			isa = PBXTargetDependency;
			target = 3391CC6924044D8000AE8DE2 /* Parstagram */;
			targetProxy = 3391CC8124044D8100AE8DE2 /* PBXContainerItemProxy */;
		};
		3391CC8D24044D8100AE8DE2 /* PBXTargetDependency */ = {
			isa = PBXTargetDependency;
			target = 3391CC6924044D8000AE8DE2 /* Parstagram */;
			targetProxy = 3391CC8C24044D8100AE8DE2 /* PBXContainerItemProxy */;
		};
/* End PBXTargetDependency section */

/* Begin PBXVariantGroup section */
		3391CC7324044D8000AE8DE2 /* Main.storyboard */ = {
			isa = PBXVariantGroup;
			children = (
				3391CC7424044D8000AE8DE2 /* Base */,
			);
			name = Main.storyboard;
			sourceTree = "<group>";
		};
		3391CC7824044D8100AE8DE2 /* LaunchScreen.storyboard */ = {
			isa = PBXVariantGroup;
			children = (
				3391CC7924044D8100AE8DE2 /* Base */,
			);
			name = LaunchScreen.storyboard;
			sourceTree = "<group>";
		};
/* End PBXVariantGroup section */

/* Begin XCBuildConfiguration section */
		3391CC9224044D8100AE8DE2 /* Debug */ = {
			isa = XCBuildConfiguration;
			buildSettings = {
				ALWAYS_SEARCH_USER_PATHS = NO;
				CLANG_ANALYZER_NONNULL = YES;
				CLANG_ANALYZER_NUMBER_OBJECT_CONVERSION = YES_AGGRESSIVE;
				CLANG_CXX_LANGUAGE_STANDARD = "gnu++14";
				CLANG_CXX_LIBRARY = "libc++";
				CLANG_ENABLE_MODULES = YES;
				CLANG_ENABLE_OBJC_ARC = YES;
				CLANG_ENABLE_OBJC_WEAK = YES;
				CLANG_WARN_BLOCK_CAPTURE_AUTORELEASING = YES;
				CLANG_WARN_BOOL_CONVERSION = YES;
				CLANG_WARN_COMMA = YES;
				CLANG_WARN_CONSTANT_CONVERSION = YES;
				CLANG_WARN_DEPRECATED_OBJC_IMPLEMENTATIONS = YES;
				CLANG_WARN_DIRECT_OBJC_ISA_USAGE = YES_ERROR;
				CLANG_WARN_DOCUMENTATION_COMMENTS = YES;
				CLANG_WARN_EMPTY_BODY = YES;
				CLANG_WARN_ENUM_CONVERSION = YES;
				CLANG_WARN_INFINITE_RECURSION = YES;
				CLANG_WARN_INT_CONVERSION = YES;
				CLANG_WARN_NON_LITERAL_NULL_CONVERSION = YES;
				CLANG_WARN_OBJC_IMPLICIT_RETAIN_SELF = YES;
				CLANG_WARN_OBJC_LITERAL_CONVERSION = YES;
				CLANG_WARN_OBJC_ROOT_CLASS = YES_ERROR;
				CLANG_WARN_RANGE_LOOP_ANALYSIS = YES;
				CLANG_WARN_STRICT_PROTOTYPES = YES;
				CLANG_WARN_SUSPICIOUS_MOVE = YES;
				CLANG_WARN_UNGUARDED_AVAILABILITY = YES_AGGRESSIVE;
				CLANG_WARN_UNREACHABLE_CODE = YES;
				CLANG_WARN__DUPLICATE_METHOD_MATCH = YES;
				COPY_PHASE_STRIP = NO;
				DEBUG_INFORMATION_FORMAT = dwarf;
				ENABLE_STRICT_OBJC_MSGSEND = YES;
				ENABLE_TESTABILITY = YES;
				GCC_C_LANGUAGE_STANDARD = gnu11;
				GCC_DYNAMIC_NO_PIC = NO;
				GCC_NO_COMMON_BLOCKS = YES;
				GCC_OPTIMIZATION_LEVEL = 0;
				GCC_PREPROCESSOR_DEFINITIONS = (
					"DEBUG=1",
					"$(inherited)",
				);
				GCC_WARN_64_TO_32_BIT_CONVERSION = YES;
				GCC_WARN_ABOUT_RETURN_TYPE = YES_ERROR;
				GCC_WARN_UNDECLARED_SELECTOR = YES;
				GCC_WARN_UNINITIALIZED_AUTOS = YES_AGGRESSIVE;
				GCC_WARN_UNUSED_FUNCTION = YES;
				GCC_WARN_UNUSED_VARIABLE = YES;
				IPHONEOS_DEPLOYMENT_TARGET = 13.2;
				MTL_ENABLE_DEBUG_INFO = INCLUDE_SOURCE;
				MTL_FAST_MATH = YES;
				ONLY_ACTIVE_ARCH = YES;
				SDKROOT = iphoneos;
				SWIFT_ACTIVE_COMPILATION_CONDITIONS = DEBUG;
				SWIFT_OPTIMIZATION_LEVEL = "-Onone";
			};
			name = Debug;
		};
		3391CC9324044D8100AE8DE2 /* Release */ = {
			isa = XCBuildConfiguration;
			buildSettings = {
				ALWAYS_SEARCH_USER_PATHS = NO;
				CLANG_ANALYZER_NONNULL = YES;
				CLANG_ANALYZER_NUMBER_OBJECT_CONVERSION = YES_AGGRESSIVE;
				CLANG_CXX_LANGUAGE_STANDARD = "gnu++14";
				CLANG_CXX_LIBRARY = "libc++";
				CLANG_ENABLE_MODULES = YES;
				CLANG_ENABLE_OBJC_ARC = YES;
				CLANG_ENABLE_OBJC_WEAK = YES;
				CLANG_WARN_BLOCK_CAPTURE_AUTORELEASING = YES;
				CLANG_WARN_BOOL_CONVERSION = YES;
				CLANG_WARN_COMMA = YES;
				CLANG_WARN_CONSTANT_CONVERSION = YES;
				CLANG_WARN_DEPRECATED_OBJC_IMPLEMENTATIONS = YES;
				CLANG_WARN_DIRECT_OBJC_ISA_USAGE = YES_ERROR;
				CLANG_WARN_DOCUMENTATION_COMMENTS = YES;
				CLANG_WARN_EMPTY_BODY = YES;
				CLANG_WARN_ENUM_CONVERSION = YES;
				CLANG_WARN_INFINITE_RECURSION = YES;
				CLANG_WARN_INT_CONVERSION = YES;
				CLANG_WARN_NON_LITERAL_NULL_CONVERSION = YES;
				CLANG_WARN_OBJC_IMPLICIT_RETAIN_SELF = YES;
				CLANG_WARN_OBJC_LITERAL_CONVERSION = YES;
				CLANG_WARN_OBJC_ROOT_CLASS = YES_ERROR;
				CLANG_WARN_RANGE_LOOP_ANALYSIS = YES;
				CLANG_WARN_STRICT_PROTOTYPES = YES;
				CLANG_WARN_SUSPICIOUS_MOVE = YES;
				CLANG_WARN_UNGUARDED_AVAILABILITY = YES_AGGRESSIVE;
				CLANG_WARN_UNREACHABLE_CODE = YES;
				CLANG_WARN__DUPLICATE_METHOD_MATCH = YES;
				COPY_PHASE_STRIP = NO;
				DEBUG_INFORMATION_FORMAT = "dwarf-with-dsym";
				ENABLE_NS_ASSERTIONS = NO;
				ENABLE_STRICT_OBJC_MSGSEND = YES;
				GCC_C_LANGUAGE_STANDARD = gnu11;
				GCC_NO_COMMON_BLOCKS = YES;
				GCC_WARN_64_TO_32_BIT_CONVERSION = YES;
				GCC_WARN_ABOUT_RETURN_TYPE = YES_ERROR;
				GCC_WARN_UNDECLARED_SELECTOR = YES;
				GCC_WARN_UNINITIALIZED_AUTOS = YES_AGGRESSIVE;
				GCC_WARN_UNUSED_FUNCTION = YES;
				GCC_WARN_UNUSED_VARIABLE = YES;
				IPHONEOS_DEPLOYMENT_TARGET = 13.2;
				MTL_ENABLE_DEBUG_INFO = NO;
				MTL_FAST_MATH = YES;
				SDKROOT = iphoneos;
				SWIFT_COMPILATION_MODE = wholemodule;
				SWIFT_OPTIMIZATION_LEVEL = "-O";
				VALIDATE_PRODUCT = YES;
			};
			name = Release;
		};
		3391CC9524044D8100AE8DE2 /* Debug */ = {
			isa = XCBuildConfiguration;
			baseConfigurationReference = 5D9844F753CA9714F1B5E678 /* Pods-Parstagram.debug.xcconfig */;
			buildSettings = {
				ASSETCATALOG_COMPILER_APPICON_NAME = AppIcon;
				CODE_SIGN_STYLE = Automatic;
				INFOPLIST_FILE = Parstagram/Info.plist;
				LD_RUNPATH_SEARCH_PATHS = (
					"$(inherited)",
					"@executable_path/Frameworks",
				);
				PRODUCT_BUNDLE_IDENTIFIER = edu.whipp.Parstagram;
				PRODUCT_NAME = "$(TARGET_NAME)";
				SWIFT_VERSION = 5.0;
				TARGETED_DEVICE_FAMILY = "1,2";
			};
			name = Debug;
		};
		3391CC9624044D8100AE8DE2 /* Release */ = {
			isa = XCBuildConfiguration;
			baseConfigurationReference = 41587DF5713309BF1F5B55CE /* Pods-Parstagram.release.xcconfig */;
			buildSettings = {
				ASSETCATALOG_COMPILER_APPICON_NAME = AppIcon;
				CODE_SIGN_STYLE = Automatic;
				INFOPLIST_FILE = Parstagram/Info.plist;
				LD_RUNPATH_SEARCH_PATHS = (
					"$(inherited)",
					"@executable_path/Frameworks",
				);
				PRODUCT_BUNDLE_IDENTIFIER = edu.whipp.Parstagram;
				PRODUCT_NAME = "$(TARGET_NAME)";
				SWIFT_VERSION = 5.0;
				TARGETED_DEVICE_FAMILY = "1,2";
			};
			name = Release;
		};
		3391CC9824044D8100AE8DE2 /* Debug */ = {
			isa = XCBuildConfiguration;
			baseConfigurationReference = A6A7AC4EDEA5483378F451E7 /* Pods-ParstagramTests.debug.xcconfig */;
			buildSettings = {
				ALWAYS_EMBED_SWIFT_STANDARD_LIBRARIES = YES;
				BUNDLE_LOADER = "$(TEST_HOST)";
				CODE_SIGN_STYLE = Automatic;
				INFOPLIST_FILE = ParstagramTests/Info.plist;
				IPHONEOS_DEPLOYMENT_TARGET = 13.2;
				LD_RUNPATH_SEARCH_PATHS = (
					"$(inherited)",
					"@executable_path/Frameworks",
					"@loader_path/Frameworks",
				);
				PRODUCT_BUNDLE_IDENTIFIER = edu.whipp.ParstagramTests;
				PRODUCT_NAME = "$(TARGET_NAME)";
				SWIFT_VERSION = 5.0;
				TARGETED_DEVICE_FAMILY = "1,2";
				TEST_HOST = "$(BUILT_PRODUCTS_DIR)/Parstagram.app/Parstagram";
			};
			name = Debug;
		};
		3391CC9924044D8100AE8DE2 /* Release */ = {
			isa = XCBuildConfiguration;
			baseConfigurationReference = 9807B6DCB4E3CE5DE20DFE52 /* Pods-ParstagramTests.release.xcconfig */;
			buildSettings = {
				ALWAYS_EMBED_SWIFT_STANDARD_LIBRARIES = YES;
				BUNDLE_LOADER = "$(TEST_HOST)";
				CODE_SIGN_STYLE = Automatic;
				INFOPLIST_FILE = ParstagramTests/Info.plist;
				IPHONEOS_DEPLOYMENT_TARGET = 13.2;
				LD_RUNPATH_SEARCH_PATHS = (
					"$(inherited)",
					"@executable_path/Frameworks",
					"@loader_path/Frameworks",
				);
				PRODUCT_BUNDLE_IDENTIFIER = edu.whipp.ParstagramTests;
				PRODUCT_NAME = "$(TARGET_NAME)";
				SWIFT_VERSION = 5.0;
				TARGETED_DEVICE_FAMILY = "1,2";
				TEST_HOST = "$(BUILT_PRODUCTS_DIR)/Parstagram.app/Parstagram";
			};
			name = Release;
		};
		3391CC9B24044D8100AE8DE2 /* Debug */ = {
			isa = XCBuildConfiguration;
			baseConfigurationReference = B6529B1BCC7A8941564BC1A3 /* Pods-Parstagram-ParstagramUITests.debug.xcconfig */;
			buildSettings = {
				ALWAYS_EMBED_SWIFT_STANDARD_LIBRARIES = YES;
				CODE_SIGN_STYLE = Automatic;
				INFOPLIST_FILE = ParstagramUITests/Info.plist;
				LD_RUNPATH_SEARCH_PATHS = (
					"$(inherited)",
					"@executable_path/Frameworks",
					"@loader_path/Frameworks",
				);
				PRODUCT_BUNDLE_IDENTIFIER = edu.whipp.ParstagramUITests;
				PRODUCT_NAME = "$(TARGET_NAME)";
				SWIFT_VERSION = 5.0;
				TARGETED_DEVICE_FAMILY = "1,2";
				TEST_TARGET_NAME = Parstagram;
			};
			name = Debug;
		};
		3391CC9C24044D8100AE8DE2 /* Release */ = {
			isa = XCBuildConfiguration;
			baseConfigurationReference = 9B085D4A3D9B42426024A351 /* Pods-Parstagram-ParstagramUITests.release.xcconfig */;
			buildSettings = {
				ALWAYS_EMBED_SWIFT_STANDARD_LIBRARIES = YES;
				CODE_SIGN_STYLE = Automatic;
				INFOPLIST_FILE = ParstagramUITests/Info.plist;
				LD_RUNPATH_SEARCH_PATHS = (
					"$(inherited)",
					"@executable_path/Frameworks",
					"@loader_path/Frameworks",
				);
				PRODUCT_BUNDLE_IDENTIFIER = edu.whipp.ParstagramUITests;
				PRODUCT_NAME = "$(TARGET_NAME)";
				SWIFT_VERSION = 5.0;
				TARGETED_DEVICE_FAMILY = "1,2";
				TEST_TARGET_NAME = Parstagram;
			};
			name = Release;
		};
/* End XCBuildConfiguration section */

/* Begin XCConfigurationList section */
		3391CC6524044D8000AE8DE2 /* Build configuration list for PBXProject "Parstagram" */ = {
			isa = XCConfigurationList;
			buildConfigurations = (
				3391CC9224044D8100AE8DE2 /* Debug */,
				3391CC9324044D8100AE8DE2 /* Release */,
			);
			defaultConfigurationIsVisible = 0;
			defaultConfigurationName = Release;
		};
		3391CC9424044D8100AE8DE2 /* Build configuration list for PBXNativeTarget "Parstagram" */ = {
			isa = XCConfigurationList;
			buildConfigurations = (
				3391CC9524044D8100AE8DE2 /* Debug */,
				3391CC9624044D8100AE8DE2 /* Release */,
			);
			defaultConfigurationIsVisible = 0;
			defaultConfigurationName = Release;
		};
		3391CC9724044D8100AE8DE2 /* Build configuration list for PBXNativeTarget "ParstagramTests" */ = {
			isa = XCConfigurationList;
			buildConfigurations = (
				3391CC9824044D8100AE8DE2 /* Debug */,
				3391CC9924044D8100AE8DE2 /* Release */,
			);
			defaultConfigurationIsVisible = 0;
			defaultConfigurationName = Release;
		};
		3391CC9A24044D8100AE8DE2 /* Build configuration list for PBXNativeTarget "ParstagramUITests" */ = {
			isa = XCConfigurationList;
			buildConfigurations = (
				3391CC9B24044D8100AE8DE2 /* Debug */,
				3391CC9C24044D8100AE8DE2 /* Release */,
			);
			defaultConfigurationIsVisible = 0;
			defaultConfigurationName = Release;
		};
/* End XCConfigurationList section */
	};
	rootObject = 3391CC6224044D8000AE8DE2 /* Project object */;
}
